// !$*UTF8*$!
{
	archiveVersion = 1;
	classes = {
	};
	objectVersion = 56;
	objects = {

/* Begin PBXBuildFile section */
		5239EC342DBA0CBD00268F15 /* MEZCrypt.swift in Sources */ = {isa = PBXBuildFile; fileRef = 5239EC332DBA0CBD00268F15 /* MEZCrypt.swift */; };
		5239EC372DBA0CD400268F15 /* ZIAMCryptKit in Frameworks */ = {isa = PBXBuildFile; productRef = 5239EC362DBA0CD400268F15 /* ZIAMCryptKit */; };
		52F8773D2DBA32AF0082806F /* ObjCZIAMCryptAPIResponse.swift in Sources */ = {isa = PBXBuildFile; fileRef = 52F877372DBA32AF0082806F /* ObjCZIAMCryptAPIResponse.swift */; };
		52F8773E2DBA32AF0082806F /* ObjCZIAMError.swift in Sources */ = {isa = PBXBuildFile; fileRef = 52F8773A2DBA32AF0082806F /* ObjCZIAMError.swift */; };
		52F8773F2DBA32AF0082806F /* ObjCZPayloadModel.swift in Sources */ = {isa = PBXBuildFile; fileRef = 52F8773B2DBA32AF0082806F /* ObjCZPayloadModel.swift */; };
		52F877402DBA32AF0082806F /* ObjCZIAMDecryptResult.swift in Sources */ = {isa = PBXBuildFile; fileRef = 52F8773C2DBA32AF0082806F /* ObjCZIAMDecryptResult.swift */; };
		52F877412DBA32AF0082806F /* ObjCZIAMCryptErrorStatus.swift in Sources */ = {isa = PBXBuildFile; fileRef = 52F877382DBA32AF0082806F /* ObjCZIAMCryptErrorStatus.swift */; };
		52F877422DBA32AF0082806F /* ObjCZIAMEncryptResult.swift in Sources */ = {isa = PBXBuildFile; fileRef = 52F877392DBA32AF0082806F /* ObjCZIAMEncryptResult.swift */; };
		ABF470172DBA02A30047BCD0 /* MEZIAMCrypt.docc in Sources */ = {isa = PBXBuildFile; fileRef = ABF470162DBA02A30047BCD0 /* MEZIAMCrypt.docc */; };
/* End PBXBuildFile section */

/* Begin PBXFileReference section */
		5239EC332DBA0CBD00268F15 /* MEZCrypt.swift */ = {isa = PBXFileReference; lastKnownFileType = sourcecode.swift; path = MEZCrypt.swift; sourceTree = "<group>"; };
		52F877372DBA32AF0082806F /* ObjCZIAMCryptAPIResponse.swift */ = {isa = PBXFileReference; lastKnownFileType = sourcecode.swift; path = ObjCZIAMCryptAPIResponse.swift; sourceTree = "<group>"; };
		52F877382DBA32AF0082806F /* ObjCZIAMCryptErrorStatus.swift */ = {isa = PBXFileReference; lastKnownFileType = sourcecode.swift; path = ObjCZIAMCryptErrorStatus.swift; sourceTree = "<group>"; };
		52F877392DBA32AF0082806F /* ObjCZIAMEncryptResult.swift */ = {isa = PBXFileReference; lastKnownFileType = sourcecode.swift; path = ObjCZIAMEncryptResult.swift; sourceTree = "<group>"; };
		52F8773A2DBA32AF0082806F /* ObjCZIAMError.swift */ = {isa = PBXFileReference; lastKnownFileType = sourcecode.swift; path = ObjCZIAMError.swift; sourceTree = "<group>"; };
		52F8773B2DBA32AF0082806F /* ObjCZPayloadModel.swift */ = {isa = PBXFileReference; lastKnownFileType = sourcecode.swift; path = ObjCZPayloadModel.swift; sourceTree = "<group>"; };
		52F8773C2DBA32AF0082806F /* ObjCZIAMDecryptResult.swift */ = {isa = PBXFileReference; lastKnownFileType = sourcecode.swift; path = ObjCZIAMDecryptResult.swift; sourceTree = "<group>"; };
		ABF470122DBA02A30047BCD0 /* MEZIAMCrypt.framework */ = {isa = PBXFileReference; explicitFileType = wrapper.framework; includeInIndex = 0; path = MEZIAMCrypt.framework; sourceTree = BUILT_PRODUCTS_DIR; };
		ABF470162DBA02A30047BCD0 /* MEZIAMCrypt.docc */ = {isa = PBXFileReference; lastKnownFileType = folder.documentationcatalog; path = MEZIAMCrypt.docc; sourceTree = "<group>"; };
/* End PBXFileReference section */

/* Begin PBXFrameworksBuildPhase section */
		ABF4700F2DBA02A30047BCD0 /* Frameworks */ = {
			isa = PBXFrameworksBuildPhase;
			buildActionMask = 2147483647;
			files = (
				5239EC372DBA0CD400268F15 /* ZIAMCryptKit in Frameworks */,
			);
			runOnlyForDeploymentPostprocessing = 0;
		};
/* End PBXFrameworksBuildPhase section */

/* Begin PBXGroup section */
		52F877282DBA2D8A0082806F /* ObjC */ = {
			isa = PBXGroup;
			children = (
				52F877372DBA32AF0082806F /* ObjCZIAMCryptAPIResponse.swift */,
				52F877382DBA32AF0082806F /* ObjCZIAMCryptErrorStatus.swift */,
				52F877392DBA32AF0082806F /* ObjCZIAMEncryptResult.swift */,
				52F8773A2DBA32AF0082806F /* ObjCZIAMError.swift */,
				52F8773B2DBA32AF0082806F /* ObjCZPayloadModel.swift */,
				52F8773C2DBA32AF0082806F /* ObjCZIAMDecryptResult.swift */,
			);
			path = ObjC;
			sourceTree = "<group>";
		};
		ABF470082DBA02A30047BCD0 = {
			isa = PBXGroup;
			children = (
				ABF470142DBA02A30047BCD0 /* MEZIAMCrypt */,
				ABF470132DBA02A30047BCD0 /* Products */,
			);
			sourceTree = "<group>";
		};
		ABF470132DBA02A30047BCD0 /* Products */ = {
			isa = PBXGroup;
			children = (
				ABF470122DBA02A30047BCD0 /* MEZIAMCrypt.framework */,
			);
			name = Products;
			sourceTree = "<group>";
		};
		ABF470142DBA02A30047BCD0 /* MEZIAMCrypt */ = {
			isa = PBXGroup;
			children = (
				52F877282DBA2D8A0082806F /* ObjC */,
				5239EC332DBA0CBD00268F15 /* MEZCrypt.swift */,
				ABF470162DBA02A30047BCD0 /* MEZIAMCrypt.docc */,
			);
			path = MEZIAMCrypt;
			sourceTree = "<group>";
		};
/* End PBXGroup section */

/* Begin PBXHeadersBuildPhase section */
		ABF4700D2DBA02A30047BCD0 /* Headers */ = {
			isa = PBXHeadersBuildPhase;
			buildActionMask = 2147483647;
			files = (
			);
			runOnlyForDeploymentPostprocessing = 0;
		};
/* End PBXHeadersBuildPhase section */

/* Begin PBXNativeTarget section */
		ABF470112DBA02A30047BCD0 /* MEZIAMCrypt */ = {
			isa = PBXNativeTarget;
			buildConfigurationList = ABF4701B2DBA02A30047BCD0 /* Build configuration list for PBXNativeTarget "MEZIAMCrypt" */;
			buildPhases = (
				ABF4700D2DBA02A30047BCD0 /* Headers */,
				ABF4700E2DBA02A30047BCD0 /* Sources */,
				ABF4700F2DBA02A30047BCD0 /* Frameworks */,
				ABF470102DBA02A30047BCD0 /* Resources */,
			);
			buildRules = (
			);
			dependencies = (
			);
			name = MEZIAMCrypt;
			productName = MEZIAMCrypt;
			productReference = ABF470122DBA02A30047BCD0 /* MEZIAMCrypt.framework */;
			productType = "com.apple.product-type.framework";
		};
/* End PBXNativeTarget section */

/* Begin PBXProject section */
		ABF470092DBA02A30047BCD0 /* Project object */ = {
			isa = PBXProject;
			attributes = {
				BuildIndependentTargetsInParallel = 1;
				LastUpgradeCheck = 1540;
				TargetAttributes = {
					ABF470112DBA02A30047BCD0 = {
						CreatedOnToolsVersion = 15.4;
					};
				};
			};
			buildConfigurationList = ABF4700C2DBA02A30047BCD0 /* Build configuration list for PBXProject "MEZIAMCrypt" */;
			compatibilityVersion = "Xcode 14.0";
			developmentRegion = en;
			hasScannedForEncodings = 0;
			knownRegions = (
				en,
				Base,
			);
			mainGroup = ABF470082DBA02A30047BCD0;
			packageReferences = (
				5239EC352DBA0CD400268F15 /* XCRemoteSwiftPackageReference "iam_crypt_ios" */,
			);
			productRefGroup = ABF470132DBA02A30047BCD0 /* Products */;
			projectDirPath = "";
			projectRoot = "";
			targets = (
				ABF470112DBA02A30047BCD0 /* MEZIAMCrypt */,
			);
		};
/* End PBXProject section */

/* Begin PBXResourcesBuildPhase section */
		ABF470102DBA02A30047BCD0 /* Resources */ = {
			isa = PBXResourcesBuildPhase;
			buildActionMask = 2147483647;
			files = (
			);
			runOnlyForDeploymentPostprocessing = 0;
		};
/* End PBXResourcesBuildPhase section */

/* Begin PBXSourcesBuildPhase section */
		ABF4700E2DBA02A30047BCD0 /* Sources */ = {
			isa = PBXSourcesBuildPhase;
			buildActionMask = 2147483647;
			files = (
				ABF470172DBA02A30047BCD0 /* MEZIAMCrypt.docc in Sources */,
				5239EC342DBA0CBD00268F15 /* MEZCrypt.swift in Sources */,
				52F8773D2DBA32AF0082806F /* ObjCZIAMCryptAPIResponse.swift in Sources */,
				52F8773E2DBA32AF0082806F /* ObjCZIAMError.swift in Sources */,
				52F8773F2DBA32AF0082806F /* ObjCZPayloadModel.swift in Sources */,
				52F877402DBA32AF0082806F /* ObjCZIAMDecryptResult.swift in Sources */,
				52F877412DBA32AF0082806F /* ObjCZIAMCryptErrorStatus.swift in Sources */,
				52F877422DBA32AF0082806F /* ObjCZIAMEncryptResult.swift in Sources */,
			);
			runOnlyForDeploymentPostprocessing = 0;
		};
/* End PBXSourcesBuildPhase section */

/* Begin XCBuildConfiguration section */
		ABF470192DBA02A30047BCD0 /* Debug */ = {
			isa = XCBuildConfiguration;
			buildSettings = {
				ALWAYS_SEARCH_USER_PATHS = NO;
				ASSETCATALOG_COMPILER_GENERATE_SWIFT_ASSET_SYMBOL_EXTENSIONS = YES;
				CLANG_ANALYZER_NONNULL = YES;
				CLANG_ANALYZER_NUMBER_OBJECT_CONVERSION = YES_AGGRESSIVE;
				CLANG_CXX_LANGUAGE_STANDARD = "gnu++20";
				CLANG_ENABLE_MODULES = YES;
				CLANG_ENABLE_OBJC_ARC = YES;
				CLANG_ENABLE_OBJC_WEAK = YES;
				CLANG_WARN_BLOCK_CAPTURE_AUTORELEASING = YES;
				CLANG_WARN_BOOL_CONVERSION = YES;
				CLANG_WARN_COMMA = YES;
				CLANG_WARN_CONSTANT_CONVERSION = YES;
				CLANG_WARN_DEPRECATED_OBJC_IMPLEMENTATIONS = YES;
				CLANG_WARN_DIRECT_OBJC_ISA_USAGE = YES_ERROR;
				CLANG_WARN_DOCUMENTATION_COMMENTS = YES;
				CLANG_WARN_EMPTY_BODY = YES;
				CLANG_WARN_ENUM_CONVERSION = YES;
				CLANG_WARN_INFINITE_RECURSION = YES;
				CLANG_WARN_INT_CONVERSION = YES;
				CLANG_WARN_NON_LITERAL_NULL_CONVERSION = YES;
				CLANG_WARN_OBJC_IMPLICIT_RETAIN_SELF = YES;
				CLANG_WARN_OBJC_LITERAL_CONVERSION = YES;
				CLANG_WARN_OBJC_ROOT_CLASS = YES_ERROR;
				CLANG_WARN_QUOTED_INCLUDE_IN_FRAMEWORK_HEADER = YES;
				CLANG_WARN_RANGE_LOOP_ANALYSIS = YES;
				CLANG_WARN_STRICT_PROTOTYPES = YES;
				CLANG_WARN_SUSPICIOUS_MOVE = YES;
				CLANG_WARN_UNGUARDED_AVAILABILITY = YES_AGGRESSIVE;
				CLANG_WARN_UNREACHABLE_CODE = YES;
				CLANG_WARN__DUPLICATE_METHOD_MATCH = YES;
				COPY_PHASE_STRIP = NO;
				CURRENT_PROJECT_VERSION = 1;
				DEBUG_INFORMATION_FORMAT = dwarf;
				ENABLE_STRICT_OBJC_MSGSEND = YES;
				ENABLE_TESTABILITY = YES;
				ENABLE_USER_SCRIPT_SANDBOXING = YES;
				GCC_C_LANGUAGE_STANDARD = gnu17;
				GCC_DYNAMIC_NO_PIC = NO;
				GCC_NO_COMMON_BLOCKS = YES;
				GCC_OPTIMIZATION_LEVEL = 0;
				GCC_PREPROCESSOR_DEFINITIONS = (
					"DEBUG=1",
					"$(inherited)",
				);
				GCC_WARN_64_TO_32_BIT_CONVERSION = YES;
				GCC_WARN_ABOUT_RETURN_TYPE = YES_ERROR;
				GCC_WARN_UNDECLARED_SELECTOR = YES;
				GCC_WARN_UNINITIALIZED_AUTOS = YES_AGGRESSIVE;
				GCC_WARN_UNUSED_FUNCTION = YES;
				GCC_WARN_UNUSED_VARIABLE = YES;
				IPHONEOS_DEPLOYMENT_TARGET = "";
				LOCALIZATION_PREFERS_STRING_CATALOGS = YES;
				MTL_ENABLE_DEBUG_INFO = INCLUDE_SOURCE;
				MTL_FAST_MATH = YES;
				ONLY_ACTIVE_ARCH = YES;
				SDKROOT = macosx;
				SWIFT_ACTIVE_COMPILATION_CONDITIONS = "DEBUG $(inherited)";
				SWIFT_OPTIMIZATION_LEVEL = "-Onone";
				VERSIONING_SYSTEM = "apple-generic";
				VERSION_INFO_PREFIX = "";
			};
			name = Debug;
		};
		ABF4701A2DBA02A30047BCD0 /* Release */ = {
			isa = XCBuildConfiguration;
			buildSettings = {
				ALWAYS_SEARCH_USER_PATHS = NO;
				ASSETCATALOG_COMPILER_GENERATE_SWIFT_ASSET_SYMBOL_EXTENSIONS = YES;
				CLANG_ANALYZER_NONNULL = YES;
				CLANG_ANALYZER_NUMBER_OBJECT_CONVERSION = YES_AGGRESSIVE;
				CLANG_CXX_LANGUAGE_STANDARD = "gnu++20";
				CLANG_ENABLE_MODULES = YES;
				CLANG_ENABLE_OBJC_ARC = YES;
				CLANG_ENABLE_OBJC_WEAK = YES;
				CLANG_WARN_BLOCK_CAPTURE_AUTORELEASING = YES;
				CLANG_WARN_BOOL_CONVERSION = YES;
				CLANG_WARN_COMMA = YES;
				CLANG_WARN_CONSTANT_CONVERSION = YES;
				CLANG_WARN_DEPRECATED_OBJC_IMPLEMENTATIONS = YES;
				CLANG_WARN_DIRECT_OBJC_ISA_USAGE = YES_ERROR;
				CLANG_WARN_DOCUMENTATION_COMMENTS = YES;
				CLANG_WARN_EMPTY_BODY = YES;
				CLANG_WARN_ENUM_CONVERSION = YES;
				CLANG_WARN_INFINITE_RECURSION = YES;
				CLANG_WARN_INT_CONVERSION = YES;
				CLANG_WARN_NON_LITERAL_NULL_CONVERSION = YES;
				CLANG_WARN_OBJC_IMPLICIT_RETAIN_SELF = YES;
				CLANG_WARN_OBJC_LITERAL_CONVERSION = YES;
				CLANG_WARN_OBJC_ROOT_CLASS = YES_ERROR;
				CLANG_WARN_QUOTED_INCLUDE_IN_FRAMEWORK_HEADER = YES;
				CLANG_WARN_RANGE_LOOP_ANALYSIS = YES;
				CLANG_WARN_STRICT_PROTOTYPES = YES;
				CLANG_WARN_SUSPICIOUS_MOVE = YES;
				CLANG_WARN_UNGUARDED_AVAILABILITY = YES_AGGRESSIVE;
				CLANG_WARN_UNREACHABLE_CODE = YES;
				CLANG_WARN__DUPLICATE_METHOD_MATCH = YES;
				COPY_PHASE_STRIP = NO;
				CURRENT_PROJECT_VERSION = 1;
				DEBUG_INFORMATION_FORMAT = "dwarf-with-dsym";
				ENABLE_NS_ASSERTIONS = NO;
				ENABLE_STRICT_OBJC_MSGSEND = YES;
				ENABLE_USER_SCRIPT_SANDBOXING = YES;
				GCC_C_LANGUAGE_STANDARD = gnu17;
				GCC_NO_COMMON_BLOCKS = YES;
				GCC_WARN_64_TO_32_BIT_CONVERSION = YES;
				GCC_WARN_ABOUT_RETURN_TYPE = YES_ERROR;
				GCC_WARN_UNDECLARED_SELECTOR = YES;
				GCC_WARN_UNINITIALIZED_AUTOS = YES_AGGRESSIVE;
				GCC_WARN_UNUSED_FUNCTION = YES;
				GCC_WARN_UNUSED_VARIABLE = YES;
				IPHONEOS_DEPLOYMENT_TARGET = "";
				LOCALIZATION_PREFERS_STRING_CATALOGS = YES;
				MTL_ENABLE_DEBUG_INFO = NO;
				MTL_FAST_MATH = YES;
				SDKROOT = macosx;
				SWIFT_COMPILATION_MODE = wholemodule;
				VALIDATE_PRODUCT = YES;
				VERSIONING_SYSTEM = "apple-generic";
				VERSION_INFO_PREFIX = "";
			};
			name = Release;
		};
		ABF4701C2DBA02A30047BCD0 /* Debug */ = {
			isa = XCBuildConfiguration;
			buildSettings = {
				BUILD_LIBRARY_FOR_DISTRIBUTION = NO;
				CLANG_WARN_QUOTED_INCLUDE_IN_FRAMEWORK_HEADER = YES;
				CODE_SIGN_STYLE = Automatic;
				CURRENT_PROJECT_VERSION = 1;
				DEFINES_MODULE = YES;
				DYLIB_COMPATIBILITY_VERSION = 1;
				DYLIB_CURRENT_VERSION = 1;
				DYLIB_INSTALL_NAME_BASE = "@rpath";
				ENABLE_MODULE_VERIFIER = YES;
				GENERATE_INFOPLIST_FILE = YES;
				INFOPLIST_KEY_NSHumanReadableCopyright = "";
				INSTALL_PATH = "$(LOCAL_LIBRARY_DIR)/Frameworks";
				IPHONEOS_DEPLOYMENT_TARGET = 17.0;
				LD_RUNPATH_SEARCH_PATHS = (
					"$(inherited)",
					"@executable_path/Frameworks",
					"@loader_path/Frameworks",
				);
				MACOSX_DEPLOYMENT_TARGET = 14.2;
				MARKETING_VERSION = 1.0;
				MODULE_VERIFIER_SUPPORTED_LANGUAGES = "objective-c objective-c++";
				MODULE_VERIFIER_SUPPORTED_LANGUAGE_STANDARDS = "gnu17 gnu++20";
				PRODUCT_BUNDLE_IDENTIFIER = com.memobile.templatecore.MEZIAMCrypt;
				PRODUCT_NAME = "$(TARGET_NAME:c99extidentifier)";
				SKIP_INSTALL = YES;
				SUPPORTED_PLATFORMS = "iphoneos iphonesimulator";
				SUPPORTS_MACCATALYST = NO;
				SUPPORTS_MAC_DESIGNED_FOR_IPHONE_IPAD = NO;
				SUPPORTS_XR_DESIGNED_FOR_IPHONE_IPAD = NO;
				SWIFT_EMIT_LOC_STRINGS = YES;
				SWIFT_INSTALL_OBJC_HEADER = YES;
				SWIFT_VERSION = 5.0;
				TARGETED_DEVICE_FAMILY = "1,2";
			};
			name = Debug;
		};
		ABF4701D2DBA02A30047BCD0 /* Release */ = {
			isa = XCBuildConfiguration;
			buildSettings = {
				BUILD_LIBRARY_FOR_DISTRIBUTION = NO;
				CLANG_WARN_QUOTED_INCLUDE_IN_FRAMEWORK_HEADER = YES;
				CODE_SIGN_STYLE = Automatic;
				CURRENT_PROJECT_VERSION = 1;
				DEFINES_MODULE = YES;
				DYLIB_COMPATIBILITY_VERSION = 1;
				DYLIB_CURRENT_VERSION = 1;
				DYLIB_INSTALL_NAME_BASE = "@rpath";
				ENABLE_MODULE_VERIFIER = YES;
				GENERATE_INFOPLIST_FILE = YES;
				INFOPLIST_KEY_NSHumanReadableCopyright = "";
				INSTALL_PATH = "$(LOCAL_LIBRARY_DIR)/Frameworks";
				IPHONEOS_DEPLOYMENT_TARGET = 17.0;
				LD_RUNPATH_SEARCH_PATHS = (
					"$(inherited)",
					"@executable_path/Frameworks",
					"@loader_path/Frameworks",
				);
				MACOSX_DEPLOYMENT_TARGET = 14.2;
				MARKETING_VERSION = 1.0;
				MODULE_VERIFIER_SUPPORTED_LANGUAGES = "objective-c objective-c++";
				MODULE_VERIFIER_SUPPORTED_LANGUAGE_STANDARDS = "gnu17 gnu++20";
				PRODUCT_BUNDLE_IDENTIFIER = com.memobile.templatecore.MEZIAMCrypt;
				PRODUCT_NAME = "$(TARGET_NAME:c99extidentifier)";
				SKIP_INSTALL = YES;
				SUPPORTED_PLATFORMS = "iphoneos iphonesimulator";
				SUPPORTS_MACCATALYST = NO;
				SUPPORTS_MAC_DESIGNED_FOR_IPHONE_IPAD = NO;
				SUPPORTS_XR_DESIGNED_FOR_IPHONE_IPAD = NO;
				SWIFT_EMIT_LOC_STRINGS = YES;
				SWIFT_INSTALL_OBJC_HEADER = YES;
				SWIFT_VERSION = 5.0;
				TARGETED_DEVICE_FAMILY = "1,2";
			};
			name = Release;
		};
/* End XCBuildConfiguration section */

/* Begin XCConfigurationList section */
		ABF4700C2DBA02A30047BCD0 /* Build configuration list for PBXProject "MEZIAMCrypt" */ = {
			isa = XCConfigurationList;
			buildConfigurations = (
				ABF470192DBA02A30047BCD0 /* Debug */,
				ABF4701A2DBA02A30047BCD0 /* Release */,
			);
			defaultConfigurationIsVisible = 0;
			defaultConfigurationName = Release;
		};
		ABF4701B2DBA02A30047BCD0 /* Build configuration list for PBXNativeTarget "MEZIAMCrypt" */ = {
			isa = XCConfigurationList;
			buildConfigurations = (
				ABF4701C2DBA02A30047BCD0 /* Debug */,
				ABF4701D2DBA02A30047BCD0 /* Release */,
			);
			defaultConfigurationIsVisible = 0;
			defaultConfigurationName = Release;
		};
/* End XCConfigurationList section */

/* Begin XCRemoteSwiftPackageReference section */
		5239EC352DBA0CD400268F15 /* XCRemoteSwiftPackageReference "iam_crypt_ios" */ = {
			isa = XCRemoteSwiftPackageReference;
			repositoryURL = "https://zrepository.zoho.com/zohocorp/iam/mobile/ios/frameworks/iam_crypt_ios.git";
			requirement = {
				kind = upToNextMajorVersion;
				minimumVersion = "0.1.6-DEV";
			};
		};
/* End XCRemoteSwiftPackageReference section */

/* Begin XCSwiftPackageProductDependency section */
		5239EC362DBA0CD400268F15 /* ZIAMCryptKit */ = {
			isa = XCSwiftPackageProductDependency;
			package = 5239EC352DBA0CD400268F15 /* XCRemoteSwiftPackageReference "iam_crypt_ios" */;
			productName = ZIAMCryptKit;
		};
/* End XCSwiftPackageProductDependency section */
	};
	rootObject = ABF470092DBA02A30047BCD0 /* Project object */;
}
